
Microsoft Visual Studio Solution File, Format Version 12.00
# Visual Studio Version 16
VisualStudioVersion = 16.0.29613.14
MinimumVisualStudioVersion = 10.0.40219.1
Project("{FAE04EC0-301F-11D3-BF4B-00C04F79EFBC}") = "ConsoleApp1", "ConsoleApp1\ConsoleApp1.csproj", "{8433192D-ED62-46D4-8352-56A44017E152}"
EndProject
Global
	GlobalSection(SolutionConfigurationPlatforms) = preSolution
		Debug|Any CPU = Debug|Any CPU
		Release|Any CPU = Release|Any CPU
	EndGlobalSection
	GlobalSection(ProjectConfigurationPlatforms) = postSolution
		{8433192D-ED62-46D4-8352-56A44017E152}.Debug|Any CPU.ActiveCfg = Debug|Any CPU
		{8433192D-ED62-46D4-8352-56A44017E152}.Debug|Any CPU.Build.0 = Debug|Any CPU
		{8433192D-ED62-46D4-8352-56A44017E152}.Release|Any CPU.ActiveCfg = Release|Any CPU
		{8433192D-ED62-46D4-8352-56A44017E152}.Release|Any CPU.Build.0 = Release|Any CPU
	EndGlobalSection
	GlobalSection(SolutionProperties) = preSolution
		HideSolutionNode = FALSE
	EndGlobalSection
	GlobalSection(ExtensibilityGlobals) = postSolution
		SolutionGuid = {5FBB41D3-F89D-4BF8-BDCC-A7B6A09A7EAF}
	EndGlobalSection
EndGlobal
